
Microsoft Visual Studio Solution File, Format Version 12.00
# Visual Studio Version 17
VisualStudioVersion = 17.7.34024.191
MinimumVisualStudioVersion = 10.0.40219.1
Project("{9A19103F-16F7-4668-BE54-9A1E7A4F7556}") = "Http3App", "Http3App.csproj", "{B0BD68BC-3D5A-42C9-A162-E9053BFA2CFB}"
EndProject
Global
	GlobalSection(SolutionConfigurationPlatforms) = preSolution
		Debug|Any CPU = Debug|Any CPU
		Release|Any CPU = Release|Any CPU
	EndGlobalSection
	GlobalSection(ProjectConfigurationPlatforms) = postSolution
		{B0BD68BC-3D5A-42C9-A162-E9053BFA2CFB}.Debug|Any CPU.ActiveCfg = Debug|Any CPU
		{B0BD68BC-3D5A-42C9-A162-E9053BFA2CFB}.Debug|Any CPU.Build.0 = Debug|Any CPU
		{B0BD68BC-3D5A-42C9-A162-E9053BFA2CFB}.Release|Any CPU.ActiveCfg = Release|Any CPU
		{B0BD68BC-3D5A-42C9-A162-E9053BFA2CFB}.Release|Any CPU.Build.0 = Release|Any CPU
	EndGlobalSection
	GlobalSection(SolutionProperties) = preSolution
		HideSolutionNode = FALSE
	EndGlobalSection
	GlobalSection(ExtensibilityGlobals) = postSolution
		SolutionGuid = {CFE39D65-3C96-40A0-9062-627778F2BB84}
	EndGlobalSection
EndGlobal
